{
    "_readme": [
        "This file locks the dependencies of your project to a known state",
        "Read more about it at https://getcomposer.org/doc/01-basic-usage.md#installing-dependencies",
        "This file is @generated automatically"
    ],
    "content-hash": "fb9349cadc35e2ed43c9e46ecd1374a9",
    "packages": [
        {
            "name": "mathphp/mathphp",
            "version": "v0.2.0",
            "source": {
                "type": "git",
                "url": "https://github.com/mathphp/mathphp.git",
                "reference": "6a453e42a04b9369cdf28e9a3ce47a41334b4958"
            },
            "dist": {
                "type": "zip",
                "url": "https://api.github.com/repos/mathphp/mathphp/zipball/6a453e42a04b9369cdf28e9a3ce47a41334b4958",
                "reference": "6a453e42a04b9369cdf28e9a3ce47a41334b4958",
                "shasum": ""
            },
            "require": {
                "php": "^8.2"
            },
            "require-dev": {
                "phpstan/phpstan": "^2.2",
                "phpunit/phpunit": "^11.5",
                "squizlabs/php_codesniffer": "^4.0"
            },
            "type": "library",
            "autoload": {
                "psr-4": {
                    "MathPHP\\": "src/"
                }
            },
            "autoload-dev": {
                "psr-4": {
                    "MathPHP\\Tests\\": "tests/"
                }
            },
            "scripts": {
                "test": [
                    "@php vendor/bin/phpunit --configuration phpunit.xml.dist"
                ],
                "syntax": [
                    "@php tools/lint.php"
                ],
                "analyse": [
                    "@php vendor/bin/phpstan analyse --configuration phpstan.neon.dist --no-progress"
                ],
                "style": [
                    "@php vendor/bin/phpcs --standard=phpcs.xml.dist"
                ],
                "autoload:check": [
                    "@composer dump-autoload --optimize --strict-psr --strict-ambiguous"
                ],
                "quality": [
                    "@composer validate --strict",
                    "@autoload:check",
                    "@syntax",
                    "@test",
                    "@analyse",
                    "@style"
                ]
            },
            "license": [
                "MIT"
            ],
            "description": "A bounded, source-aware scalar expression evaluator for PHP",
            "keywords": [
                "expression",
                "math",
                "parser",
                "safe-evaluation"
            ],
            "support": {
                "source": "https://github.com/mathphp/mathphp/tree/v0.2.0",
                "issues": "https://github.com/mathphp/mathphp/issues"
            },
            "time": "2026-09-01T07:42:05+00:00"
        }
    ],
    "packages-dev": [],
    "aliases": [],
    "minimum-stability": "stable",
    "stability-flags": {},
    "prefer-stable": false,
    "prefer-lowest": false,
    "platform": {
        "php": "^8.2"
    },
    "platform-dev": {},
    "plugin-api-version": "2.9.0"
}
