{
    "_readme": [
        "This file locks the dependencies of your project to a known state",
        "Read more about it at https://getcomposer.org/doc/01-basic-usage.md#installing-dependencies",
        "This file is @generated automatically"
    ],
    "content-hash": "afbf13e5992cab44f2e0f031d0e3c3ed",
    "packages": [
        {
            "name": "mathphp/mathphp",
            "version": "v0.3.1",
            "source": {
                "type": "git",
                "url": "git@github.com:mathphp/mathphp.git",
                "reference": "094735a47d4b30a2326b3dc9d87bd8c95ce13eea"
            },
            "dist": {
                "type": "zip",
                "url": "https://api.github.com/repos/mathphp/mathphp/zipball/094735a47d4b30a2326b3dc9d87bd8c95ce13eea",
                "reference": "094735a47d4b30a2326b3dc9d87bd8c95ce13eea",
                "shasum": ""
            },
            "require": {
                "php": "^8.2"
            },
            "require-dev": {
                "phpstan/phpstan": "^2.2",
                "phpunit/phpunit": "^11.5",
                "squizlabs/php_codesniffer": "^4.0"
            },
            "type": "library",
            "autoload": {
                "psr-4": {
                    "MathPHP\\": "src/"
                }
            },
            "autoload-dev": {
                "psr-4": {
                    "MathPHP\\Tests\\": "tests/"
                }
            },
            "scripts": {
                "test": [
                    "@php vendor/bin/phpunit --configuration phpunit.xml.dist"
                ],
                "syntax": [
                    "@php tools/lint.php"
                ],
                "analyse": [
                    "@php vendor/bin/phpstan analyse --configuration phpstan.neon.dist --no-progress"
                ],
                "style": [
                    "@php vendor/bin/phpcs --standard=phpcs.xml.dist"
                ],
                "autoload:check": [
                    "@composer dump-autoload --optimize --strict-psr --strict-ambiguous"
                ],
                "quality": [
                    "@composer validate --strict",
                    "@autoload:check",
                    "@syntax",
                    "@test",
                    "@analyse",
                    "@style"
                ]
            },
            "license": [
                "MIT"
            ],
            "description": "A bounded, source-aware scalar expression evaluator for PHP",
            "keywords": [
                "expression",
                "math",
                "parser",
                "safe-evaluation"
            ],
            "time": "2026-09-01T08:32:22+00:00"
        }
    ],
    "packages-dev": [],
    "aliases": [],
    "minimum-stability": "stable",
    "stability-flags": {},
    "prefer-stable": false,
    "prefer-lowest": false,
    "platform": {
        "php": "^8.2"
    },
    "platform-dev": {},
    "plugin-api-version": "2.9.0"
}
